// !$*UTF8*$!
{
	archiveVersion = 1;
	classes = {
	};
	objectVersion = 46;
	objects = {

/* Begin PBXBuildFile section */
		DB53BD6C166D9A46006794C5 /* UIKit.framework in Frameworks */ = {isa = PBXBuildFile; fileRef = DB53BD6B166D9A46006794C5 /* UIKit.framework */; };
		DB53BD6E166D9A46006794C5 /* Foundation.framework in Frameworks */ = {isa = PBXBuildFile; fileRef = DB53BD6D166D9A46006794C5 /* Foundation.framework */; };
		DB53BD70166D9A46006794C5 /* CoreGraphics.framework in Frameworks */ = {isa = PBXBuildFile; fileRef = DB53BD6F166D9A46006794C5 /* CoreGraphics.framework */; };
		DB53BD72166D9A46006794C5 /* CoreData.framework in Frameworks */ = {isa = PBXBuildFile; fileRef = DB53BD71166D9A46006794C5 /* CoreData.framework */; };
		DB53BD78166D9A46006794C5 /* InfoPlist.strings in Resources */ = {isa = PBXBuildFile; fileRef = DB53BD76166D9A46006794C5 /* InfoPlist.strings */; };
		DB53BD7A166D9A46006794C5 /* main.m in Sources */ = {isa = PBXBuildFile; fileRef = DB53BD79166D9A46006794C5 /* main.m */; };
		DB53BD7E166D9A46006794C5 /* FBAppDelegate.m in Sources */ = {isa = PBXBuildFile; fileRef = DB53BD7D166D9A46006794C5 /* FBAppDelegate.m */; };
		DB53BD80166D9A46006794C5 /* Default.png in Resources */ = {isa = PBXBuildFile; fileRef = DB53BD7F166D9A46006794C5 /* Default.png */; };
		DB53BD82166D9A46006794C5 /* Default@2x.png in Resources */ = {isa = PBXBuildFile; fileRef = DB53BD81166D9A46006794C5 /* Default@2x.png */; };
		DB53BD84166D9A46006794C5 /* Default-568h@2x.png in Resources */ = {isa = PBXBuildFile; fileRef = DB53BD83166D9A46006794C5 /* Default-568h@2x.png */; };
		DB53BD87166D9A46006794C5 /* MainStoryboard_iPhone.storyboard in Resources */ = {isa = PBXBuildFile; fileRef = DB53BD85166D9A46006794C5 /* MainStoryboard_iPhone.storyboard */; };
		DB53BD8A166D9A46006794C5 /* MainStoryboard_iPad.storyboard in Resources */ = {isa = PBXBuildFile; fileRef = DB53BD88166D9A46006794C5 /* MainStoryboard_iPad.storyboard */; };
		DB53BD8D166D9A46006794C5 /* FlickrBrowsr.xcdatamodeld in Sources */ = {isa = PBXBuildFile; fileRef = DB53BD8B166D9A46006794C5 /* FlickrBrowsr.xcdatamodeld */; };
		DB53BD90166D9A46006794C5 /* FBMainViewController.m in Sources */ = {isa = PBXBuildFile; fileRef = DB53BD8F166D9A46006794C5 /* FBMainViewController.m */; };
		DB53BD93166D9A46006794C5 /* FBFlipsideViewController.m in Sources */ = {isa = PBXBuildFile; fileRef = DB53BD92166D9A46006794C5 /* FBFlipsideViewController.m */; };
		DB53BD9B166D9A46006794C5 /* SenTestingKit.framework in Frameworks */ = {isa = PBXBuildFile; fileRef = DB53BD9A166D9A46006794C5 /* SenTestingKit.framework */; };
		DB53BD9C166D9A46006794C5 /* UIKit.framework in Frameworks */ = {isa = PBXBuildFile; fileRef = DB53BD6B166D9A46006794C5 /* UIKit.framework */; };
		DB53BD9D166D9A46006794C5 /* Foundation.framework in Frameworks */ = {isa = PBXBuildFile; fileRef = DB53BD6D166D9A46006794C5 /* Foundation.framework */; };
		DB53BD9E166D9A46006794C5 /* CoreData.framework in Frameworks */ = {isa = PBXBuildFile; fileRef = DB53BD71166D9A46006794C5 /* CoreData.framework */; };
		DB53BDA6166D9A46006794C5 /* InfoPlist.strings in Resources */ = {isa = PBXBuildFile; fileRef = DB53BDA4166D9A46006794C5 /* InfoPlist.strings */; };
		DB53BDA9166D9A46006794C5 /* FlickrBrowsrTests.m in Sources */ = {isa = PBXBuildFile; fileRef = DB53BDA8166D9A46006794C5 /* FlickrBrowsrTests.m */; };
		DB53BDB8166F849F006794C5 /* FBFeedReader.m in Sources */ = {isa = PBXBuildFile; fileRef = DB53BDB7166F849F006794C5 /* FBFeedReader.m */; };
		DB53BE731670126F006794C5 /* FPEnclosure.m in Sources */ = {isa = PBXBuildFile; fileRef = DB53BE691670126F006794C5 /* FPEnclosure.m */; };
		DB53BE741670126F006794C5 /* FPFeed.m in Sources */ = {isa = PBXBuildFile; fileRef = DB53BE6C1670126F006794C5 /* FPFeed.m */; };
		DB53BE751670126F006794C5 /* FPItem.m in Sources */ = {isa = PBXBuildFile; fileRef = DB53BE6E1670126F006794C5 /* FPItem.m */; };
		DB53BE761670126F006794C5 /* FPLink.m in Sources */ = {isa = PBXBuildFile; fileRef = DB53BE701670126F006794C5 /* FPLink.m */; };
		DB53BE771670126F006794C5 /* FPParser.m in Sources */ = {isa = PBXBuildFile; fileRef = DB53BE721670126F006794C5 /* FPParser.m */; };
		DB53BE7C16701283006794C5 /* NSDate_FeedParserExtensions.m in Sources */ = {isa = PBXBuildFile; fileRef = DB53BE7916701283006794C5 /* NSDate_FeedParserExtensions.m */; };
		DB53BE7D16701283006794C5 /* NSString_extensions.m in Sources */ = {isa = PBXBuildFile; fileRef = DB53BE7B16701283006794C5 /* NSString_extensions.m */; };
		DB53BE8D167012B0006794C5 /* FPXMLPair.m in Sources */ = {isa = PBXBuildFile; fileRef = DB53BE89167012B0006794C5 /* FPXMLPair.m */; };
		DB53BE8E167012B0006794C5 /* FPXMLParser.m in Sources */ = {isa = PBXBuildFile; fileRef = DB53BE8B167012B0006794C5 /* FPXMLParser.m */; };
		DB53BE95167012C5006794C5 /* FPExtensionElementNode.m in Sources */ = {isa = PBXBuildFile; fileRef = DB53BE90167012C5006794C5 /* FPExtensionElementNode.m */; };
		DB53BE96167012C5006794C5 /* FPExtensionNode.m in Sources */ = {isa = PBXBuildFile; fileRef = DB53BE92167012C5006794C5 /* FPExtensionNode.m */; };
		DB53BE97167012C5006794C5 /* FPExtensionTextNode.m in Sources */ = {isa = PBXBuildFile; fileRef = DB53BE94167012C5006794C5 /* FPExtensionTextNode.m */; };
		DB53BE9B167048C0006794C5 /* FBImage.m in Sources */ = {isa = PBXBuildFile; fileRef = DB53BE9A167048C0006794C5 /* FBImage.m */; };
		DB53BEA016704A9D006794C5 /* FBImage+Interface.m in Sources */ = {isa = PBXBuildFile; fileRef = DB53BE9F16704A9D006794C5 /* FBImage+Interface.m */; };
		DB53BEB41673975B006794C5 /* PlaceHolder.png in Resources */ = {isa = PBXBuildFile; fileRef = DB53BEB31673975B006794C5 /* PlaceHolder.png */; };
		DB53BEC616743453006794C5 /* FBImageViewController.m in Sources */ = {isa = PBXBuildFile; fileRef = DB53BEC516743453006794C5 /* FBImageViewController.m */; };
/* End PBXBuildFile section */

/* Begin PBXContainerItemProxy section */
		DB53BD9F166D9A46006794C5 /* PBXContainerItemProxy */ = {
			isa = PBXContainerItemProxy;
			containerPortal = DB53BD5E166D9A46006794C5 /* Project object */;
			proxyType = 1;
			remoteGlobalIDString = DB53BD66166D9A46006794C5;
			remoteInfo = FlickrBrowsr;
		};
/* End PBXContainerItemProxy section */

/* Begin PBXFileReference section */
		DB53BD67166D9A46006794C5 /* FlickrBrowsr.app */ = {isa = PBXFileReference; explicitFileType = wrapper.application; includeInIndex = 0; path = FlickrBrowsr.app; sourceTree = BUILT_PRODUCTS_DIR; };
		DB53BD6B166D9A46006794C5 /* UIKit.framework */ = {isa = PBXFileReference; lastKnownFileType = wrapper.framework; name = UIKit.framework; path = System/Library/Frameworks/UIKit.framework; sourceTree = SDKROOT; };
		DB53BD6D166D9A46006794C5 /* Foundation.framework */ = {isa = PBXFileReference; lastKnownFileType = wrapper.framework; name = Foundation.framework; path = System/Library/Frameworks/Foundation.framework; sourceTree = SDKROOT; };
		DB53BD6F166D9A46006794C5 /* CoreGraphics.framework */ = {isa = PBXFileReference; lastKnownFileType = wrapper.framework; name = CoreGraphics.framework; path = System/Library/Frameworks/CoreGraphics.framework; sourceTree = SDKROOT; };
		DB53BD71166D9A46006794C5 /* CoreData.framework */ = {isa = PBXFileReference; lastKnownFileType = wrapper.framework; name = CoreData.framework; path = System/Library/Frameworks/CoreData.framework; sourceTree = SDKROOT; };
		DB53BD75166D9A46006794C5 /* FlickrBrowsr-Info.plist */ = {isa = PBXFileReference; lastKnownFileType = text.plist.xml; path = "FlickrBrowsr-Info.plist"; sourceTree = "<group>"; };
		DB53BD77166D9A46006794C5 /* en */ = {isa = PBXFileReference; lastKnownFileType = text.plist.strings; name = en; path = en.lproj/InfoPlist.strings; sourceTree = "<group>"; };
		DB53BD79166D9A46006794C5 /* main.m */ = {isa = PBXFileReference; lastKnownFileType = sourcecode.c.objc; path = main.m; sourceTree = "<group>"; };
		DB53BD7B166D9A46006794C5 /* FlickrBrowsr-Prefix.pch */ = {isa = PBXFileReference; lastKnownFileType = sourcecode.c.h; path = "FlickrBrowsr-Prefix.pch"; sourceTree = "<group>"; };
		DB53BD7C166D9A46006794C5 /* FBAppDelegate.h */ = {isa = PBXFileReference; lastKnownFileType = sourcecode.c.h; path = FBAppDelegate.h; sourceTree = "<group>"; };
		DB53BD7D166D9A46006794C5 /* FBAppDelegate.m */ = {isa = PBXFileReference; lastKnownFileType = sourcecode.c.objc; path = FBAppDelegate.m; sourceTree = "<group>"; };
		DB53BD7F166D9A46006794C5 /* Default.png */ = {isa = PBXFileReference; lastKnownFileType = image.png; path = Default.png; sourceTree = "<group>"; };
		DB53BD81166D9A46006794C5 /* Default@2x.png */ = {isa = PBXFileReference; lastKnownFileType = image.png; path = "Default@2x.png"; sourceTree = "<group>"; };
		DB53BD83166D9A46006794C5 /* Default-568h@2x.png */ = {isa = PBXFileReference; lastKnownFileType = image.png; path = "Default-568h@2x.png"; sourceTree = "<group>"; };
		DB53BD86166D9A46006794C5 /* en */ = {isa = PBXFileReference; lastKnownFileType = file.storyboard; name = en; path = en.lproj/MainStoryboard_iPhone.storyboard; sourceTree = "<group>"; };
		DB53BD89166D9A46006794C5 /* en */ = {isa = PBXFileReference; lastKnownFileType = file.storyboard; name = en; path = en.lproj/MainStoryboard_iPad.storyboard; sourceTree = "<group>"; };
		DB53BD8C166D9A46006794C5 /* FlickrBrowsr.xcdatamodel */ = {isa = PBXFileReference; lastKnownFileType = wrapper.xcdatamodel; path = FlickrBrowsr.xcdatamodel; sourceTree = "<group>"; };
		DB53BD8E166D9A46006794C5 /* FBMainViewController.h */ = {isa = PBXFileReference; lastKnownFileType = sourcecode.c.h; path = FBMainViewController.h; sourceTree = "<group>"; };
		DB53BD8F166D9A46006794C5 /* FBMainViewController.m */ = {isa = PBXFileReference; lastKnownFileType = sourcecode.c.objc; path = FBMainViewController.m; sourceTree = "<group>"; };
		DB53BD91166D9A46006794C5 /* FBFlipsideViewController.h */ = {isa = PBXFileReference; lastKnownFileType = sourcecode.c.h; path = FBFlipsideViewController.h; sourceTree = "<group>"; };
		DB53BD92166D9A46006794C5 /* FBFlipsideViewController.m */ = {isa = PBXFileReference; lastKnownFileType = sourcecode.c.objc; path = FBFlipsideViewController.m; sourceTree = "<group>"; };
		DB53BD99166D9A46006794C5 /* FlickrBrowsrTests.octest */ = {isa = PBXFileReference; explicitFileType = wrapper.cfbundle; includeInIndex = 0; path = FlickrBrowsrTests.octest; sourceTree = BUILT_PRODUCTS_DIR; };
		DB53BD9A166D9A46006794C5 /* SenTestingKit.framework */ = {isa = PBXFileReference; lastKnownFileType = wrapper.framework; name = SenTestingKit.framework; path = Library/Frameworks/SenTestingKit.framework; sourceTree = DEVELOPER_DIR; };
		DB53BDA3166D9A46006794C5 /* FlickrBrowsrTests-Info.plist */ = {isa = PBXFileReference; lastKnownFileType = text.plist.xml; path = "FlickrBrowsrTests-Info.plist"; sourceTree = "<group>"; };
		DB53BDA5166D9A46006794C5 /* en */ = {isa = PBXFileReference; lastKnownFileType = text.plist.strings; name = en; path = en.lproj/InfoPlist.strings; sourceTree = "<group>"; };
		DB53BDA7166D9A46006794C5 /* FlickrBrowsrTests.h */ = {isa = PBXFileReference; lastKnownFileType = sourcecode.c.h; path = FlickrBrowsrTests.h; sourceTree = "<group>"; };
		DB53BDA8166D9A46006794C5 /* FlickrBrowsrTests.m */ = {isa = PBXFileReference; lastKnownFileType = sourcecode.c.objc; path = FlickrBrowsrTests.m; sourceTree = "<group>"; };
		DB53BDB6166F849F006794C5 /* FBFeedReader.h */ = {isa = PBXFileReference; fileEncoding = 4; lastKnownFileType = sourcecode.c.h; path = FBFeedReader.h; sourceTree = "<group>"; };
		DB53BDB7166F849F006794C5 /* FBFeedReader.m */ = {isa = PBXFileReference; fileEncoding = 4; lastKnownFileType = sourcecode.c.objc; path = FBFeedReader.m; sourceTree = "<group>"; };
		DB53BE671670126F006794C5 /* FeedParser.h */ = {isa = PBXFileReference; fileEncoding = 4; lastKnownFileType = sourcecode.c.h; name = FeedParser.h; path = FeedParser/FeedParser.h; sourceTree = "<group>"; };
		DB53BE681670126F006794C5 /* FPEnclosure.h */ = {isa = PBXFileReference; fileEncoding = 4; lastKnownFileType = sourcecode.c.h; name = FPEnclosure.h; path = FeedParser/FPEnclosure.h; sourceTree = "<group>"; };
		DB53BE691670126F006794C5 /* FPEnclosure.m */ = {isa = PBXFileReference; fileEncoding = 4; lastKnownFileType = sourcecode.c.objc; name = FPEnclosure.m; path = FeedParser/FPEnclosure.m; sourceTree = "<group>"; };
		DB53BE6A1670126F006794C5 /* FPErrors.h */ = {isa = PBXFileReference; fileEncoding = 4; lastKnownFileType = sourcecode.c.h; name = FPErrors.h; path = FeedParser/FPErrors.h; sourceTree = "<group>"; };
		DB53BE6B1670126F006794C5 /* FPFeed.h */ = {isa = PBXFileReference; fileEncoding = 4; lastKnownFileType = sourcecode.c.h; name = FPFeed.h; path = FeedParser/FPFeed.h; sourceTree = "<group>"; };
		DB53BE6C1670126F006794C5 /* FPFeed.m */ = {isa = PBXFileReference; fileEncoding = 4; lastKnownFileType = sourcecode.c.objc; name = FPFeed.m; path = FeedParser/FPFeed.m; sourceTree = "<group>"; };
		DB53BE6D1670126F006794C5 /* FPItem.h */ = {isa = PBXFileReference; fileEncoding = 4; lastKnownFileType = sourcecode.c.h; name = FPItem.h; path = FeedParser/FPItem.h; sourceTree = "<group>"; };
		DB53BE6E1670126F006794C5 /* FPItem.m */ = {isa = PBXFileReference; fileEncoding = 4; lastKnownFileType = sourcecode.c.objc; name = FPItem.m; path = FeedParser/FPItem.m; sourceTree = "<group>"; };
		DB53BE6F1670126F006794C5 /* FPLink.h */ = {isa = PBXFileReference; fileEncoding = 4; lastKnownFileType = sourcecode.c.h; name = FPLink.h; path = FeedParser/FPLink.h; sourceTree = "<group>"; };
		DB53BE701670126F006794C5 /* FPLink.m */ = {isa = PBXFileReference; fileEncoding = 4; lastKnownFileType = sourcecode.c.objc; name = FPLink.m; path = FeedParser/FPLink.m; sourceTree = "<group>"; };
		DB53BE711670126F006794C5 /* FPParser.h */ = {isa = PBXFileReference; fileEncoding = 4; lastKnownFileType = sourcecode.c.h; name = FPParser.h; path = FeedParser/FPParser.h; sourceTree = "<group>"; };
		DB53BE721670126F006794C5 /* FPParser.m */ = {isa = PBXFileReference; fileEncoding = 4; lastKnownFileType = sourcecode.c.objc; name = FPParser.m; path = FeedParser/FPParser.m; sourceTree = "<group>"; };
		DB53BE7816701283006794C5 /* NSDate_FeedParserExtensions.h */ = {isa = PBXFileReference; fileEncoding = 4; lastKnownFileType = sourcecode.c.h; name = NSDate_FeedParserExtensions.h; path = FeedParser/Extensions/NSDate_FeedParserExtensions.h; sourceTree = "<group>"; };
		DB53BE7916701283006794C5 /* NSDate_FeedParserExtensions.m */ = {isa = PBXFileReference; fileEncoding = 4; lastKnownFileType = sourcecode.c.objc; name = NSDate_FeedParserExtensions.m; path = FeedParser/Extensions/NSDate_FeedParserExtensions.m; sourceTree = "<group>"; };
		DB53BE7A16701283006794C5 /* NSString_extensions.h */ = {isa = PBXFileReference; fileEncoding = 4; lastKnownFileType = sourcecode.c.h; name = NSString_extensions.h; path = FeedParser/Extensions/NSString_extensions.h; sourceTree = "<group>"; };
		DB53BE7B16701283006794C5 /* NSString_extensions.m */ = {isa = PBXFileReference; fileEncoding = 4; lastKnownFileType = sourcecode.c.objc; name = NSString_extensions.m; path = FeedParser/Extensions/NSString_extensions.m; sourceTree = "<group>"; };
		DB53BE87167012B0006794C5 /* FPExtensionElementNode_Private.h */ = {isa = PBXFileReference; fileEncoding = 4; lastKnownFileType = sourcecode.c.h; name = FPExtensionElementNode_Private.h; path = FeedParser/Internal/FPExtensionElementNode_Private.h; sourceTree = "<group>"; };
		DB53BE88167012B0006794C5 /* FPXMLPair.h */ = {isa = PBXFileReference; fileEncoding = 4; lastKnownFileType = sourcecode.c.h; name = FPXMLPair.h; path = FeedParser/Internal/FPXMLPair.h; sourceTree = "<group>"; };
		DB53BE89167012B0006794C5 /* FPXMLPair.m */ = {isa = PBXFileReference; fileEncoding = 4; lastKnownFileType = sourcecode.c.objc; name = FPXMLPair.m; path = FeedParser/Internal/FPXMLPair.m; sourceTree = "<group>"; };
		DB53BE8A167012B0006794C5 /* FPXMLParser.h */ = {isa = PBXFileReference; fileEncoding = 4; lastKnownFileType = sourcecode.c.h; name = FPXMLParser.h; path = FeedParser/Internal/FPXMLParser.h; sourceTree = "<group>"; };
		DB53BE8B167012B0006794C5 /* FPXMLParser.m */ = {isa = PBXFileReference; fileEncoding = 4; lastKnownFileType = sourcecode.c.objc; name = FPXMLParser.m; path = FeedParser/Internal/FPXMLParser.m; sourceTree = "<group>"; };
		DB53BE8C167012B0006794C5 /* FPXMLParserProtocol.h */ = {isa = PBXFileReference; fileEncoding = 4; lastKnownFileType = sourcecode.c.h; name = FPXMLParserProtocol.h; path = FeedParser/Internal/FPXMLParserProtocol.h; sourceTree = "<group>"; };
		DB53BE8F167012C5006794C5 /* FPExtensionElementNode.h */ = {isa = PBXFileReference; fileEncoding = 4; lastKnownFileType = sourcecode.c.h; name = FPExtensionElementNode.h; path = "FeedParser/XML Extensions/FPExtensionElementNode.h"; sourceTree = "<group>"; };
		DB53BE90167012C5006794C5 /* FPExtensionElementNode.m */ = {isa = PBXFileReference; fileEncoding = 4; lastKnownFileType = sourcecode.c.objc; name = FPExtensionElementNode.m; path = "FeedParser/XML Extensions/FPExtensionElementNode.m"; sourceTree = "<group>"; };
		DB53BE91167012C5006794C5 /* FPExtensionNode.h */ = {isa = PBXFileReference; fileEncoding = 4; lastKnownFileType = sourcecode.c.h; name = FPExtensionNode.h; path = "FeedParser/XML Extensions/FPExtensionNode.h"; sourceTree = "<group>"; };
		DB53BE92167012C5006794C5 /* FPExtensionNode.m */ = {isa = PBXFileReference; fileEncoding = 4; lastKnownFileType = sourcecode.c.objc; name = FPExtensionNode.m; path = "FeedParser/XML Extensions/FPExtensionNode.m"; sourceTree = "<group>"; };
		DB53BE93167012C5006794C5 /* FPExtensionTextNode.h */ = {isa = PBXFileReference; fileEncoding = 4; lastKnownFileType = sourcecode.c.h; name = FPExtensionTextNode.h; path = "FeedParser/XML Extensions/FPExtensionTextNode.h"; sourceTree = "<group>"; };
		DB53BE94167012C5006794C5 /* FPExtensionTextNode.m */ = {isa = PBXFileReference; fileEncoding = 4; lastKnownFileType = sourcecode.c.objc; name = FPExtensionTextNode.m; path = "FeedParser/XML Extensions/FPExtensionTextNode.m"; sourceTree = "<group>"; };
		DB53BE99167048C0006794C5 /* FBImage.h */ = {isa = PBXFileReference; fileEncoding = 4; lastKnownFileType = sourcecode.c.h; name = FBImage.h; path = Model/Generated/FBImage.h; sourceTree = "<group>"; };
		DB53BE9A167048C0006794C5 /* FBImage.m */ = {isa = PBXFileReference; fileEncoding = 4; lastKnownFileType = sourcecode.c.objc; name = FBImage.m; path = Model/Generated/FBImage.m; sourceTree = "<group>"; };
		DB53BE9E16704A9D006794C5 /* FBImage+Interface.h */ = {isa = PBXFileReference; fileEncoding = 4; lastKnownFileType = sourcecode.c.h; name = "FBImage+Interface.h"; path = "Model/Interface/FBImage+Interface.h"; sourceTree = "<group>"; };
		DB53BE9F16704A9D006794C5 /* FBImage+Interface.m */ = {isa = PBXFileReference; fileEncoding = 4; lastKnownFileType = sourcecode.c.objc; name = "FBImage+Interface.m"; path = "Model/Interface/FBImage+Interface.m"; sourceTree = "<group>"; };
		DB53BEB31673975B006794C5 /* PlaceHolder.png */ = {isa = PBXFileReference; lastKnownFileType = image.png; path = PlaceHolder.png; sourceTree = "<group>"; };
		DB53BEC416743452006794C5 /* FBImageViewController.h */ = {isa = PBXFileReference; fileEncoding = 4; lastKnownFileType = sourcecode.c.h; path = FBImageViewController.h; sourceTree = "<group>"; };
		DB53BEC516743453006794C5 /* FBImageViewController.m */ = {isa = PBXFileReference; fileEncoding = 4; lastKnownFileType = sourcecode.c.objc; path = FBImageViewController.m; sourceTree = "<group>"; };
/* End PBXFileReference section */

/* Begin PBXFrameworksBuildPhase section */
		DB53BD64166D9A46006794C5 /* Frameworks */ = {
			isa = PBXFrameworksBuildPhase;
			buildActionMask = 2147483647;
			files = (
				DB53BD6C166D9A46006794C5 /* UIKit.framework in Frameworks */,
				DB53BD6E166D9A46006794C5 /* Foundation.framework in Frameworks */,
				DB53BD70166D9A46006794C5 /* CoreGraphics.framework in Frameworks */,
				DB53BD72166D9A46006794C5 /* CoreData.framework in Frameworks */,
			);
			runOnlyForDeploymentPostprocessing = 0;
		};
		DB53BD95166D9A46006794C5 /* Frameworks */ = {
			isa = PBXFrameworksBuildPhase;
			buildActionMask = 2147483647;
			files = (
				DB53BD9B166D9A46006794C5 /* SenTestingKit.framework in Frameworks */,
				DB53BD9C166D9A46006794C5 /* UIKit.framework in Frameworks */,
				DB53BD9D166D9A46006794C5 /* Foundation.framework in Frameworks */,
				DB53BD9E166D9A46006794C5 /* CoreData.framework in Frameworks */,
			);
			runOnlyForDeploymentPostprocessing = 0;
		};
/* End PBXFrameworksBuildPhase section */

/* Begin PBXGroup section */
		DB53BD5C166D9A46006794C5 = {
			isa = PBXGroup;
			children = (
				DB53BD73166D9A46006794C5 /* FlickrBrowsr */,
				DB53BDA1166D9A46006794C5 /* FlickrBrowsrTests */,
				DB53BD6A166D9A46006794C5 /* Frameworks */,
				DB53BD68166D9A46006794C5 /* Products */,
			);
			sourceTree = "<group>";
		};
		DB53BD68166D9A46006794C5 /* Products */ = {
			isa = PBXGroup;
			children = (
				DB53BD67166D9A46006794C5 /* FlickrBrowsr.app */,
				DB53BD99166D9A46006794C5 /* FlickrBrowsrTests.octest */,
			);
			name = Products;
			sourceTree = "<group>";
		};
		DB53BD6A166D9A46006794C5 /* Frameworks */ = {
			isa = PBXGroup;
			children = (
				DB53BD6B166D9A46006794C5 /* UIKit.framework */,
				DB53BD6D166D9A46006794C5 /* Foundation.framework */,
				DB53BD6F166D9A46006794C5 /* CoreGraphics.framework */,
				DB53BD71166D9A46006794C5 /* CoreData.framework */,
				DB53BD9A166D9A46006794C5 /* SenTestingKit.framework */,
			);
			name = Frameworks;
			sourceTree = "<group>";
		};
		DB53BD73166D9A46006794C5 /* FlickrBrowsr */ = {
			isa = PBXGroup;
			children = (
				DB53BD7C166D9A46006794C5 /* FBAppDelegate.h */,
				DB53BD7D166D9A46006794C5 /* FBAppDelegate.m */,
				DB53BDB6166F849F006794C5 /* FBFeedReader.h */,
				DB53BDB7166F849F006794C5 /* FBFeedReader.m */,
				DB53BD85166D9A46006794C5 /* MainStoryboard_iPhone.storyboard */,
				DB53BD88166D9A46006794C5 /* MainStoryboard_iPad.storyboard */,
				DB53BD8E166D9A46006794C5 /* FBMainViewController.h */,
				DB53BD8F166D9A46006794C5 /* FBMainViewController.m */,
				DB53BEC416743452006794C5 /* FBImageViewController.h */,
				DB53BEC516743453006794C5 /* FBImageViewController.m */,
				DB53BD91166D9A46006794C5 /* FBFlipsideViewController.h */,
				DB53BD92166D9A46006794C5 /* FBFlipsideViewController.m */,
				DB53BD8B166D9A46006794C5 /* FlickrBrowsr.xcdatamodeld */,
				DB53BE9816704888006794C5 /* Model */,
				DB53BE63167011C3006794C5 /* FeedParser */,
				DB53BD74166D9A46006794C5 /* Supporting Files */,
			);
			path = FlickrBrowsr;
			sourceTree = "<group>";
		};
		DB53BD74166D9A46006794C5 /* Supporting Files */ = {
			isa = PBXGroup;
			children = (
				DB53BEB31673975B006794C5 /* PlaceHolder.png */,
				DB53BD75166D9A46006794C5 /* FlickrBrowsr-Info.plist */,
				DB53BD76166D9A46006794C5 /* InfoPlist.strings */,
				DB53BD79166D9A46006794C5 /* main.m */,
				DB53BD7B166D9A46006794C5 /* FlickrBrowsr-Prefix.pch */,
				DB53BD7F166D9A46006794C5 /* Default.png */,
				DB53BD81166D9A46006794C5 /* Default@2x.png */,
				DB53BD83166D9A46006794C5 /* Default-568h@2x.png */,
			);
			name = "Supporting Files";
			sourceTree = "<group>";
		};
		DB53BDA1166D9A46006794C5 /* FlickrBrowsrTests */ = {
			isa = PBXGroup;
			children = (
				DB53BDA7166D9A46006794C5 /* FlickrBrowsrTests.h */,
				DB53BDA8166D9A46006794C5 /* FlickrBrowsrTests.m */,
				DB53BDA2166D9A46006794C5 /* Supporting Files */,
			);
			path = FlickrBrowsrTests;
			sourceTree = "<group>";
		};
		DB53BDA2166D9A46006794C5 /* Supporting Files */ = {
			isa = PBXGroup;
			children = (
				DB53BDA3166D9A46006794C5 /* FlickrBrowsrTests-Info.plist */,
				DB53BDA4166D9A46006794C5 /* InfoPlist.strings */,
			);
			name = "Supporting Files";
			sourceTree = "<group>";
		};
		DB53BE63167011C3006794C5 /* FeedParser */ = {
			isa = PBXGroup;
			children = (
				DB53BE671670126F006794C5 /* FeedParser.h */,
				DB53BE681670126F006794C5 /* FPEnclosure.h */,
				DB53BE691670126F006794C5 /* FPEnclosure.m */,
				DB53BE6A1670126F006794C5 /* FPErrors.h */,
				DB53BE6B1670126F006794C5 /* FPFeed.h */,
				DB53BE6C1670126F006794C5 /* FPFeed.m */,
				DB53BE6D1670126F006794C5 /* FPItem.h */,
				DB53BE6E1670126F006794C5 /* FPItem.m */,
				DB53BE6F1670126F006794C5 /* FPLink.h */,
				DB53BE701670126F006794C5 /* FPLink.m */,
				DB53BE711670126F006794C5 /* FPParser.h */,
				DB53BE721670126F006794C5 /* FPParser.m */,
				DB53BE64167011D6006794C5 /* Extensions */,
				DB53BE65167011F7006794C5 /* Internal */,
				DB53BE6616701208006794C5 /* XML Extensions */,
			);
			name = FeedParser;
			sourceTree = "<group>";
		};
		DB53BE64167011D6006794C5 /* Extensions */ = {
			isa = PBXGroup;
			children = (
				DB53BE7816701283006794C5 /* NSDate_FeedParserExtensions.h */,
				DB53BE7916701283006794C5 /* NSDate_FeedParserExtensions.m */,
				DB53BE7A16701283006794C5 /* NSString_extensions.h */,
				DB53BE7B16701283006794C5 /* NSString_extensions.m */,
			);
			name = Extensions;
			sourceTree = "<group>";
		};
		DB53BE65167011F7006794C5 /* Internal */ = {
			isa = PBXGroup;
			children = (
				DB53BE87167012B0006794C5 /* FPExtensionElementNode_Private.h */,
				DB53BE88167012B0006794C5 /* FPXMLPair.h */,
				DB53BE89167012B0006794C5 /* FPXMLPair.m */,
				DB53BE8A167012B0006794C5 /* FPXMLParser.h */,
				DB53BE8B167012B0006794C5 /* FPXMLParser.m */,
				DB53BE8C167012B0006794C5 /* FPXMLParserProtocol.h */,
			);
			name = Internal;
			sourceTree = "<group>";
		};
		DB53BE6616701208006794C5 /* XML Extensions */ = {
			isa = PBXGroup;
			children = (
				DB53BE8F167012C5006794C5 /* FPExtensionElementNode.h */,
				DB53BE90167012C5006794C5 /* FPExtensionElementNode.m */,
				DB53BE91167012C5006794C5 /* FPExtensionNode.h */,
				DB53BE92167012C5006794C5 /* FPExtensionNode.m */,
				DB53BE93167012C5006794C5 /* FPExtensionTextNode.h */,
				DB53BE94167012C5006794C5 /* FPExtensionTextNode.m */,
			);
			name = "XML Extensions";
			sourceTree = "<group>";
		};
		DB53BE9816704888006794C5 /* Model */ = {
			isa = PBXGroup;
			children = (
				DB53BE9C167049A3006794C5 /* Generated */,
				DB53BE9D167049E5006794C5 /* Implementation */,
			);
			name = Model;
			sourceTree = "<group>";
		};
		DB53BE9C167049A3006794C5 /* Generated */ = {
			isa = PBXGroup;
			children = (
				DB53BE99167048C0006794C5 /* FBImage.h */,
				DB53BE9A167048C0006794C5 /* FBImage.m */,
			);
			name = Generated;
			sourceTree = "<group>";
		};
		DB53BE9D167049E5006794C5 /* Implementation */ = {
			isa = PBXGroup;
			children = (
				DB53BE9E16704A9D006794C5 /* FBImage+Interface.h */,
				DB53BE9F16704A9D006794C5 /* FBImage+Interface.m */,
			);
			name = Implementation;
			sourceTree = "<group>";
		};
/* End PBXGroup section */

/* Begin PBXNativeTarget section */
		DB53BD66166D9A46006794C5 /* FlickrBrowsr */ = {
			isa = PBXNativeTarget;
			buildConfigurationList = DB53BDAC166D9A46006794C5 /* Build configuration list for PBXNativeTarget "FlickrBrowsr" */;
			buildPhases = (
				DB53BD63166D9A46006794C5 /* Sources */,
				DB53BD64166D9A46006794C5 /* Frameworks */,
				DB53BD65166D9A46006794C5 /* Resources */,
			);
			buildRules = (
			);
			dependencies = (
			);
			name = FlickrBrowsr;
			productName = FlickrBrowsr;
			productReference = DB53BD67166D9A46006794C5 /* FlickrBrowsr.app */;
			productType = "com.apple.product-type.application";
		};
		DB53BD98166D9A46006794C5 /* FlickrBrowsrTests */ = {
			isa = PBXNativeTarget;
			buildConfigurationList = DB53BDAF166D9A46006794C5 /* Build configuration list for PBXNativeTarget "FlickrBrowsrTests" */;
			buildPhases = (
				DB53BD94166D9A46006794C5 /* Sources */,
				DB53BD95166D9A46006794C5 /* Frameworks */,
				DB53BD96166D9A46006794C5 /* Resources */,
				DB53BD97166D9A46006794C5 /* ShellScript */,
			);
			buildRules = (
			);
			dependencies = (
				DB53BDA0166D9A46006794C5 /* PBXTargetDependency */,
			);
			name = FlickrBrowsrTests;
			productName = FlickrBrowsrTests;
			productReference = DB53BD99166D9A46006794C5 /* FlickrBrowsrTests.octest */;
			productType = "com.apple.product-type.bundle";
		};
/* End PBXNativeTarget section */

/* Begin PBXProject section */
		DB53BD5E166D9A46006794C5 /* Project object */ = {
			isa = PBXProject;
			attributes = {
				CLASSPREFIX = FB;
				LastUpgradeCheck = 0450;
				ORGANIZATIONNAME = "Doug Knowles";
			};
			buildConfigurationList = DB53BD61166D9A46006794C5 /* Build configuration list for PBXProject "FlickrBrowsr" */;
			compatibilityVersion = "Xcode 3.2";
			developmentRegion = English;
			hasScannedForEncodings = 0;
			knownRegions = (
				en,
			);
			mainGroup = DB53BD5C166D9A46006794C5;
			productRefGroup = DB53BD68166D9A46006794C5 /* Products */;
			projectDirPath = "";
			projectRoot = "";
			targets = (
				DB53BD66166D9A46006794C5 /* FlickrBrowsr */,
				DB53BD98166D9A46006794C5 /* FlickrBrowsrTests */,
			);
		};
/* End PBXProject section */

/* Begin PBXResourcesBuildPhase section */
		DB53BD65166D9A46006794C5 /* Resources */ = {
			isa = PBXResourcesBuildPhase;
			buildActionMask = 2147483647;
			files = (
				DB53BD78166D9A46006794C5 /* InfoPlist.strings in Resources */,
				DB53BD80166D9A46006794C5 /* Default.png in Resources */,
				DB53BD82166D9A46006794C5 /* Default@2x.png in Resources */,
				DB53BD84166D9A46006794C5 /* Default-568h@2x.png in Resources */,
				DB53BD87166D9A46006794C5 /* MainStoryboard_iPhone.storyboard in Resources */,
				DB53BD8A166D9A46006794C5 /* MainStoryboard_iPad.storyboard in Resources */,
				DB53BEB41673975B006794C5 /* PlaceHolder.png in Resources */,
			);
			runOnlyForDeploymentPostprocessing = 0;
		};
		DB53BD96166D9A46006794C5 /* Resources */ = {
			isa = PBXResourcesBuildPhase;
			buildActionMask = 2147483647;
			files = (
				DB53BDA6166D9A46006794C5 /* InfoPlist.strings in Resources */,
			);
			runOnlyForDeploymentPostprocessing = 0;
		};
/* End PBXResourcesBuildPhase section */

/* Begin PBXShellScriptBuildPhase section */
		DB53BD97166D9A46006794C5 /* ShellScript */ = {
			isa = PBXShellScriptBuildPhase;
			buildActionMask = 2147483647;
			files = (
			);
			inputPaths = (
			);
			outputPaths = (
			);
			runOnlyForDeploymentPostprocessing = 0;
			shellPath = /bin/sh;
			shellScript = "# Run the unit tests in this test bundle.\n\"${SYSTEM_DEVELOPER_DIR}/Tools/RunUnitTests\"\n";
		};
/* End PBXShellScriptBuildPhase section */

/* Begin PBXSourcesBuildPhase section */
		DB53BD63166D9A46006794C5 /* Sources */ = {
			isa = PBXSourcesBuildPhase;
			buildActionMask = 2147483647;
			files = (
				DB53BD7A166D9A46006794C5 /* main.m in Sources */,
				DB53BD7E166D9A46006794C5 /* FBAppDelegate.m in Sources */,
				DB53BD8D166D9A46006794C5 /* FlickrBrowsr.xcdatamodeld in Sources */,
				DB53BD90166D9A46006794C5 /* FBMainViewController.m in Sources */,
				DB53BD93166D9A46006794C5 /* FBFlipsideViewController.m in Sources */,
				DB53BDB8166F849F006794C5 /* FBFeedReader.m in Sources */,
				DB53BE731670126F006794C5 /* FPEnclosure.m in Sources */,
				DB53BE741670126F006794C5 /* FPFeed.m in Sources */,
				DB53BE751670126F006794C5 /* FPItem.m in Sources */,
				DB53BE761670126F006794C5 /* FPLink.m in Sources */,
				DB53BE771670126F006794C5 /* FPParser.m in Sources */,
				DB53BE7C16701283006794C5 /* NSDate_FeedParserExtensions.m in Sources */,
				DB53BE7D16701283006794C5 /* NSString_extensions.m in Sources */,
				DB53BE8D167012B0006794C5 /* FPXMLPair.m in Sources */,
				DB53BE8E167012B0006794C5 /* FPXMLParser.m in Sources */,
				DB53BE95167012C5006794C5 /* FPExtensionElementNode.m in Sources */,
				DB53BE96167012C5006794C5 /* FPExtensionNode.m in Sources */,
				DB53BE97167012C5006794C5 /* FPExtensionTextNode.m in Sources */,
				DB53BE9B167048C0006794C5 /* FBImage.m in Sources */,
				DB53BEA016704A9D006794C5 /* FBImage+Interface.m in Sources */,
				DB53BEC616743453006794C5 /* FBImageViewController.m in Sources */,
			);
			runOnlyForDeploymentPostprocessing = 0;
		};
		DB53BD94166D9A46006794C5 /* Sources */ = {
			isa = PBXSourcesBuildPhase;
			buildActionMask = 2147483647;
			files = (
				DB53BDA9166D9A46006794C5 /* FlickrBrowsrTests.m in Sources */,
			);
			runOnlyForDeploymentPostprocessing = 0;
		};
/* End PBXSourcesBuildPhase section */

/* Begin PBXTargetDependency section */
		DB53BDA0166D9A46006794C5 /* PBXTargetDependency */ = {
			isa = PBXTargetDependency;
			target = DB53BD66166D9A46006794C5 /* FlickrBrowsr */;
			targetProxy = DB53BD9F166D9A46006794C5 /* PBXContainerItemProxy */;
		};
/* End PBXTargetDependency section */

/* Begin PBXVariantGroup section */
		DB53BD76166D9A46006794C5 /* InfoPlist.strings */ = {
			isa = PBXVariantGroup;
			children = (
				DB53BD77166D9A46006794C5 /* en */,
			);
			name = InfoPlist.strings;
			sourceTree = "<group>";
		};
		DB53BD85166D9A46006794C5 /* MainStoryboard_iPhone.storyboard */ = {
			isa = PBXVariantGroup;
			children = (
				DB53BD86166D9A46006794C5 /* en */,
			);
			name = MainStoryboard_iPhone.storyboard;
			sourceTree = "<group>";
		};
		DB53BD88166D9A46006794C5 /* MainStoryboard_iPad.storyboard */ = {
			isa = PBXVariantGroup;
			children = (
				DB53BD89166D9A46006794C5 /* en */,
			);
			name = MainStoryboard_iPad.storyboard;
			sourceTree = "<group>";
		};
		DB53BDA4166D9A46006794C5 /* InfoPlist.strings */ = {
			isa = PBXVariantGroup;
			children = (
				DB53BDA5166D9A46006794C5 /* en */,
			);
			name = InfoPlist.strings;
			sourceTree = "<group>";
		};
/* End PBXVariantGroup section */

/* Begin XCBuildConfiguration section */
		DB53BDAA166D9A46006794C5 /* Debug */ = {
			isa = XCBuildConfiguration;
			buildSettings = {
				ALWAYS_SEARCH_USER_PATHS = NO;
				CLANG_CXX_LANGUAGE_STANDARD = "gnu++0x";
				CLANG_CXX_LIBRARY = "libc++";
				CLANG_WARN_EMPTY_BODY = YES;
				CLANG_WARN__DUPLICATE_METHOD_MATCH = YES;
				"CODE_SIGN_IDENTITY[sdk=iphoneos*]" = "iPhone Developer";
				COPY_PHASE_STRIP = NO;
				GCC_C_LANGUAGE_STANDARD = gnu99;
				GCC_DYNAMIC_NO_PIC = NO;
				GCC_OPTIMIZATION_LEVEL = 0;
				GCC_PREPROCESSOR_DEFINITIONS = (
					"DEBUG=1",
					"$(inherited)",
				);
				GCC_SYMBOLS_PRIVATE_EXTERN = NO;
				GCC_WARN_ABOUT_RETURN_TYPE = YES;
				GCC_WARN_UNINITIALIZED_AUTOS = YES;
				GCC_WARN_UNUSED_VARIABLE = YES;
				HEADER_SEARCH_PATHS = "FlickrBrowsr/FeedParser/**";
				IPHONEOS_DEPLOYMENT_TARGET = 6.0;
				ONLY_ACTIVE_ARCH = YES;
				SDKROOT = iphoneos;
				TARGETED_DEVICE_FAMILY = "1,2";
			};
			name = Debug;
		};
		DB53BDAB166D9A46006794C5 /* Release */ = {
			isa = XCBuildConfiguration;
			buildSettings = {
				ALWAYS_SEARCH_USER_PATHS = NO;
				CLANG_CXX_LANGUAGE_STANDARD = "gnu++0x";
				CLANG_CXX_LIBRARY = "libc++";
				CLANG_WARN_EMPTY_BODY = YES;
				CLANG_WARN__DUPLICATE_METHOD_MATCH = YES;
				"CODE_SIGN_IDENTITY[sdk=iphoneos*]" = "iPhone Developer";
				COPY_PHASE_STRIP = YES;
				GCC_C_LANGUAGE_STANDARD = gnu99;
				GCC_WARN_ABOUT_RETURN_TYPE = YES;
				GCC_WARN_UNINITIALIZED_AUTOS = YES;
				GCC_WARN_UNUSED_VARIABLE = YES;
				HEADER_SEARCH_PATHS = "FlickrBrowsr/FeedParser/**";
				IPHONEOS_DEPLOYMENT_TARGET = 6.0;
				OTHER_CFLAGS = "-DNS_BLOCK_ASSERTIONS=1";
				SDKROOT = iphoneos;
				TARGETED_DEVICE_FAMILY = "1,2";
				VALIDATE_PRODUCT = YES;
			};
			name = Release;
		};
		DB53BDAD166D9A46006794C5 /* Debug */ = {
			isa = XCBuildConfiguration;
			buildSettings = {
				GCC_PRECOMPILE_PREFIX_HEADER = YES;
				GCC_PREFIX_HEADER = "FlickrBrowsr/FlickrBrowsr-Prefix.pch";
				INFOPLIST_FILE = "FlickrBrowsr/FlickrBrowsr-Info.plist";
				PRODUCT_NAME = "$(TARGET_NAME)";
				WRAPPER_EXTENSION = app;
			};
			name = Debug;
		};
		DB53BDAE166D9A46006794C5 /* Release */ = {
			isa = XCBuildConfiguration;
			buildSettings = {
				GCC_PRECOMPILE_PREFIX_HEADER = YES;
				GCC_PREFIX_HEADER = "FlickrBrowsr/FlickrBrowsr-Prefix.pch";
				INFOPLIST_FILE = "FlickrBrowsr/FlickrBrowsr-Info.plist";
				PRODUCT_NAME = "$(TARGET_NAME)";
				WRAPPER_EXTENSION = app;
			};
			name = Release;
		};
		DB53BDB0166D9A46006794C5 /* Debug */ = {
			isa = XCBuildConfiguration;
			buildSettings = {
				BUNDLE_LOADER = "$(BUILT_PRODUCTS_DIR)/FlickrBrowsr.app/FlickrBrowsr";
				FRAMEWORK_SEARCH_PATHS = (
					"\"$(SDKROOT)/Developer/Library/Frameworks\"",
					"\"$(DEVELOPER_LIBRARY_DIR)/Frameworks\"",
				);
				GCC_PRECOMPILE_PREFIX_HEADER = YES;
				GCC_PREFIX_HEADER = "FlickrBrowsr/FlickrBrowsr-Prefix.pch";
				INFOPLIST_FILE = "FlickrBrowsrTests/FlickrBrowsrTests-Info.plist";
				PRODUCT_NAME = "$(TARGET_NAME)";
				TEST_HOST = "$(BUNDLE_LOADER)";
				WRAPPER_EXTENSION = octest;
			};
			name = Debug;
		};
		DB53BDB1166D9A46006794C5 /* Release */ = {
			isa = XCBuildConfiguration;
			buildSettings = {
				BUNDLE_LOADER = "$(BUILT_PRODUCTS_DIR)/FlickrBrowsr.app/FlickrBrowsr";
				FRAMEWORK_SEARCH_PATHS = (
					"\"$(SDKROOT)/Developer/Library/Frameworks\"",
					"\"$(DEVELOPER_LIBRARY_DIR)/Frameworks\"",
				);
				GCC_PRECOMPILE_PREFIX_HEADER = YES;
				GCC_PREFIX_HEADER = "FlickrBrowsr/FlickrBrowsr-Prefix.pch";
				INFOPLIST_FILE = "FlickrBrowsrTests/FlickrBrowsrTests-Info.plist";
				PRODUCT_NAME = "$(TARGET_NAME)";
				TEST_HOST = "$(BUNDLE_LOADER)";
				WRAPPER_EXTENSION = octest;
			};
			name = Release;
		};
/* End XCBuildConfiguration section */

/* Begin XCConfigurationList section */
		DB53BD61166D9A46006794C5 /* Build configuration list for PBXProject "FlickrBrowsr" */ = {
			isa = XCConfigurationList;
			buildConfigurations = (
				DB53BDAA166D9A46006794C5 /* Debug */,
				DB53BDAB166D9A46006794C5 /* Release */,
			);
			defaultConfigurationIsVisible = 0;
			defaultConfigurationName = Release;
		};
		DB53BDAC166D9A46006794C5 /* Build configuration list for PBXNativeTarget "FlickrBrowsr" */ = {
			isa = XCConfigurationList;
			buildConfigurations = (
				DB53BDAD166D9A46006794C5 /* Debug */,
				DB53BDAE166D9A46006794C5 /* Release */,
			);
			defaultConfigurationIsVisible = 0;
			defaultConfigurationName = Release;
		};
		DB53BDAF166D9A46006794C5 /* Build configuration list for PBXNativeTarget "FlickrBrowsrTests" */ = {
			isa = XCConfigurationList;
			buildConfigurations = (
				DB53BDB0166D9A46006794C5 /* Debug */,
				DB53BDB1166D9A46006794C5 /* Release */,
			);
			defaultConfigurationIsVisible = 0;
			defaultConfigurationName = Release;
		};
/* End XCConfigurationList section */

/* Begin XCVersionGroup section */
		DB53BD8B166D9A46006794C5 /* FlickrBrowsr.xcdatamodeld */ = {
			isa = XCVersionGroup;
			children = (
				DB53BD8C166D9A46006794C5 /* FlickrBrowsr.xcdatamodel */,
			);
			currentVersion = DB53BD8C166D9A46006794C5 /* FlickrBrowsr.xcdatamodel */;
			path = FlickrBrowsr.xcdatamodeld;
			sourceTree = "<group>";
			versionGroupType = wrapper.xcdatamodel;
		};
/* End XCVersionGroup section */
	};
	rootObject = DB53BD5E166D9A46006794C5 /* Project object */;
}
